
Microsoft Visual Studio Solution File, Format Version 11.00
# Visual Studio 2010
Project("{FAE04EC0-301F-11D3-BF4B-00C04F79EFBC}") = "Assembly-CSharp", "Assembly-CSharp.csproj", "{9c64e50e-e877-c32e-95cd-b2d6b8b1eaa5}"
EndProject
Project("{FAE04EC0-301F-11D3-BF4B-00C04F79EFBC}") = "Assembly-CSharp-Editor", "Assembly-CSharp-Editor.csproj", "{c27b73b6-5c1b-a286-2ede-549efed22743}"
EndProject
Global
	GlobalSection(SolutionConfigurationPlatforms) = preSolution
		Debug|Any CPU = Debug|Any CPU
	EndGlobalSection
	GlobalSection(ProjectConfigurationPlatforms) = postSolution
		{9c64e50e-e877-c32e-95cd-b2d6b8b1eaa5}.Debug|Any CPU.ActiveCfg = Debug|Any CPU
		{9c64e50e-e877-c32e-95cd-b2d6b8b1eaa5}.Debug|Any CPU.Build.0 = Debug|Any CPU
		{c27b73b6-5c1b-a286-2ede-549efed22743}.Debug|Any CPU.ActiveCfg = Debug|Any CPU
		{c27b73b6-5c1b-a286-2ede-549efed22743}.Debug|Any CPU.Build.0 = Debug|Any CPU
	EndGlobalSection
	GlobalSection(SolutionProperties) = preSolution
		HideSolutionNode = FALSE
	EndGlobalSection
EndGlobal
